// !$*UTF8*$!
{
	archiveVersion = 1;
	classes = {
	};
	objectVersion = 46;
	objects = {

/* Begin PBXBuildFile section */
		293852E31C2A7FEC00AA9461 /* AppDelegate.swift in Sources */ = {isa = PBXBuildFile; fileRef = 293852E21C2A7FEC00AA9461 /* AppDelegate.swift */; };
		293852E81C2A7FEC00AA9461 /* Main.storyboard in Resources */ = {isa = PBXBuildFile; fileRef = 293852E61C2A7FEC00AA9461 /* Main.storyboard */; };
		293852EA1C2A7FEC00AA9461 /* Assets.xcassets in Resources */ = {isa = PBXBuildFile; fileRef = 293852E91C2A7FEC00AA9461 /* Assets.xcassets */; };
		293852ED1C2A7FEC00AA9461 /* LaunchScreen.storyboard in Resources */ = {isa = PBXBuildFile; fileRef = 293852EB1C2A7FEC00AA9461 /* LaunchScreen.storyboard */; };
		2980BA921C2FC6BC006FD0CA /* TimelineTableViewController.swift in Sources */ = {isa = PBXBuildFile; fileRef = 2980BA911C2FC6BC006FD0CA /* TimelineTableViewController.swift */; };
/* End PBXBuildFile section */

/* Begin PBXFileReference section */
		293852DF1C2A7FEC00AA9461 /* FavLister.app */ = {isa = PBXFileReference; explicitFileType = wrapper.application; includeInIndex = 0; path = FavLister.app; sourceTree = BUILT_PRODUCTS_DIR; };
		293852E21C2A7FEC00AA9461 /* AppDelegate.swift */ = {isa = PBXFileReference; lastKnownFileType = sourcecode.swift; path = AppDelegate.swift; sourceTree = "<group>"; };
		293852E71C2A7FEC00AA9461 /* Base */ = {isa = PBXFileReference; lastKnownFileType = file.storyboard; name = Base; path = Base.lproj/Main.storyboard; sourceTree = "<group>"; };
		293852E91C2A7FEC00AA9461 /* Assets.xcassets */ = {isa = PBXFileReference; lastKnownFileType = folder.assetcatalog; path = Assets.xcassets; sourceTree = "<group>"; };
		293852EC1C2A7FEC00AA9461 /* Base */ = {isa = PBXFileReference; lastKnownFileType = file.storyboard; name = Base; path = Base.lproj/LaunchScreen.storyboard; sourceTree = "<group>"; };
		293852EE1C2A7FEC00AA9461 /* Info.plist */ = {isa = PBXFileReference; lastKnownFileType = text.plist.xml; path = Info.plist; sourceTree = "<group>"; };
		2980BA911C2FC6BC006FD0CA /* TimelineTableViewController.swift */ = {isa = PBXFileReference; fileEncoding = 4; lastKnownFileType = sourcecode.swift; path = TimelineTableViewController.swift; sourceTree = "<group>"; };
/* End PBXFileReference section */

/* Begin PBXFrameworksBuildPhase section */
		293852DC1C2A7FEC00AA9461 /* Frameworks */ = {
			isa = PBXFrameworksBuildPhase;
			buildActionMask = 2147483647;
			files = (
			);
			runOnlyForDeploymentPostprocessing = 0;
		};
/* End PBXFrameworksBuildPhase section */

/* Begin PBXGroup section */
		293852D61C2A7FEC00AA9461 = {
			isa = PBXGroup;
			children = (
				293852E11C2A7FEC00AA9461 /* FavLister */,
				293852E01C2A7FEC00AA9461 /* Products */,
			);
			sourceTree = "<group>";
		};
		293852E01C2A7FEC00AA9461 /* Products */ = {
			isa = PBXGroup;
			children = (
				293852DF1C2A7FEC00AA9461 /* FavLister.app */,
			);
			name = Products;
			sourceTree = "<group>";
		};
		293852E11C2A7FEC00AA9461 /* FavLister */ = {
			isa = PBXGroup;
			children = (
				293852E21C2A7FEC00AA9461 /* AppDelegate.swift */,
				2980BA911C2FC6BC006FD0CA /* TimelineTableViewController.swift */,
				293852E61C2A7FEC00AA9461 /* Main.storyboard */,
				293852E91C2A7FEC00AA9461 /* Assets.xcassets */,
				293852EB1C2A7FEC00AA9461 /* LaunchScreen.storyboard */,
				293852EE1C2A7FEC00AA9461 /* Info.plist */,
			);
			path = FavLister;
			sourceTree = "<group>";
		};
/* End PBXGroup section */

/* Begin PBXNativeTarget section */
		293852DE1C2A7FEC00AA9461 /* FavLister */ = {
			isa = PBXNativeTarget;
			buildConfigurationList = 293852F11C2A7FEC00AA9461 /* Build configuration list for PBXNativeTarget "FavLister" */;
			buildPhases = (
				293852DB1C2A7FEC00AA9461 /* Sources */,
				293852DC1C2A7FEC00AA9461 /* Frameworks */,
				293852DD1C2A7FEC00AA9461 /* Resources */,
			);
			buildRules = (
			);
			dependencies = (
			);
			name = FavLister;
			productName = FavLister;
			productReference = 293852DF1C2A7FEC00AA9461 /* FavLister.app */;
			productType = "com.apple.product-type.application";
		};
/* End PBXNativeTarget section */

/* Begin PBXProject section */
		293852D71C2A7FEC00AA9461 /* Project object */ = {
			isa = PBXProject;
			attributes = {
				LastSwiftUpdateCheck = 0720;
				LastUpgradeCheck = 0720;
				ORGANIZATIONNAME = "田中賢治";
				TargetAttributes = {
					293852DE1C2A7FEC00AA9461 = {
						CreatedOnToolsVersion = 7.2;
					};
				};
			};
			buildConfigurationList = 293852DA1C2A7FEC00AA9461 /* Build configuration list for PBXProject "FavLister" */;
			compatibilityVersion = "Xcode 3.2";
			developmentRegion = English;
			hasScannedForEncodings = 0;
			knownRegions = (
				en,
				Base,
			);
			mainGroup = 293852D61C2A7FEC00AA9461;
			productRefGroup = 293852E01C2A7FEC00AA9461 /* Products */;
			projectDirPath = "";
			projectRoot = "";
			targets = (
				293852DE1C2A7FEC00AA9461 /* FavLister */,
			);
		};
/* End PBXProject section */

/* Begin PBXResourcesBuildPhase section */
		293852DD1C2A7FEC00AA9461 /* Resources */ = {
			isa = PBXResourcesBuildPhase;
			buildActionMask = 2147483647;
			files = (
				293852ED1C2A7FEC00AA9461 /* LaunchScreen.storyboard in Resources */,
				293852EA1C2A7FEC00AA9461 /* Assets.xcassets in Resources */,
				293852E81C2A7FEC00AA9461 /* Main.storyboard in Resources */,
			);
			runOnlyForDeploymentPostprocessing = 0;
		};
/* End PBXResourcesBuildPhase section */

/* Begin PBXSourcesBuildPhase section */
		293852DB1C2A7FEC00AA9461 /* Sources */ = {
			isa = PBXSourcesBuildPhase;
			buildActionMask = 2147483647;
			files = (
				2980BA921C2FC6BC006FD0CA /* TimelineTableViewController.swift in Sources */,
				293852E31C2A7FEC00AA9461 /* AppDelegate.swift in Sources */,
			);
			runOnlyForDeploymentPostprocessing = 0;
		};
/* End PBXSourcesBuildPhase section */

/* Begin PBXVariantGroup section */
		293852E61C2A7FEC00AA9461 /* Main.storyboard */ = {
			isa = PBXVariantGroup;
			children = (
				293852E71C2A7FEC00AA9461 /* Base */,
			);
			name = Main.storyboard;
			sourceTree = "<group>";
		};
		293852EB1C2A7FEC00AA9461 /* LaunchScreen.storyboard */ = {
			isa = PBXVariantGroup;
			children = (
				293852EC1C2A7FEC00AA9461 /* Base */,
			);
			name = LaunchScreen.storyboard;
			sourceTree = "<group>";
		};
/* End PBXVariantGroup section */

/* Begin XCBuildConfiguration section */
		293852EF1C2A7FEC00AA9461 /* Debug */ = {
			isa = XCBuildConfiguration;
			buildSettings = {
				ALWAYS_SEARCH_USER_PATHS = NO;
				CLANG_CXX_LANGUAGE_STANDARD = "gnu++0x";
				CLANG_CXX_LIBRARY = "libc++";
				CLANG_ENABLE_MODULES = YES;
				CLANG_ENABLE_OBJC_ARC = YES;
				CLANG_WARN_BOOL_CONVERSION = YES;
				CLANG_WARN_CONSTANT_CONVERSION = YES;
				CLANG_WARN_DIRECT_OBJC_ISA_USAGE = YES_ERROR;
				CLANG_WARN_EMPTY_BODY = YES;
				CLANG_WARN_ENUM_CONVERSION = YES;
				CLANG_WARN_INT_CONVERSION = YES;
				CLANG_WARN_OBJC_ROOT_CLASS = YES_ERROR;
				CLANG_WARN_UNREACHABLE_CODE = YES;
				CLANG_WARN__DUPLICATE_METHOD_MATCH = YES;
				"CODE_SIGN_IDENTITY[sdk=iphoneos*]" = "iPhone Developer";
				COPY_PHASE_STRIP = NO;
				DEBUG_INFORMATION_FORMAT = dwarf;
				ENABLE_STRICT_OBJC_MSGSEND = YES;
				ENABLE_TESTABILITY = YES;
				GCC_C_LANGUAGE_STANDARD = gnu99;
				GCC_DYNAMIC_NO_PIC = NO;
				GCC_NO_COMMON_BLOCKS = YES;
				GCC_OPTIMIZATION_LEVEL = 0;
				GCC_PREPROCESSOR_DEFINITIONS = (
					"DEBUG=1",
					"$(inherited)",
				);
				GCC_WARN_64_TO_32_BIT_CONVERSION = YES;
				GCC_WARN_ABOUT_RETURN_TYPE = YES_ERROR;
				GCC_WARN_UNDECLARED_SELECTOR = YES;
				GCC_WARN_UNINITIALIZED_AUTOS = YES_AGGRESSIVE;
				GCC_WARN_UNUSED_FUNCTION = YES;
				GCC_WARN_UNUSED_VARIABLE = YES;
				IPHONEOS_DEPLOYMENT_TARGET = 9.2;
				MTL_ENABLE_DEBUG_INFO = YES;
				ONLY_ACTIVE_ARCH = YES;
				SDKROOT = iphoneos;
				SWIFT_OPTIMIZATION_LEVEL = "-Onone";
			};
			name = Debug;
		};
		293852F01C2A7FEC00AA9461 /* Release */ = {
			isa = XCBuildConfiguration;
			buildSettings = {
				ALWAYS_SEARCH_USER_PATHS = NO;
				CLANG_CXX_LANGUAGE_STANDARD = "gnu++0x";
				CLANG_CXX_LIBRARY = "libc++";
				CLANG_ENABLE_MODULES = YES;
				CLANG_ENABLE_OBJC_ARC = YES;
				CLANG_WARN_BOOL_CONVERSION = YES;
				CLANG_WARN_CONSTANT_CONVERSION = YES;
				CLANG_WARN_DIRECT_OBJC_ISA_USAGE = YES_ERROR;
				CLANG_WARN_EMPTY_BODY = YES;
				CLANG_WARN_ENUM_CONVERSION = YES;
				CLANG_WARN_INT_CONVERSION = YES;
				CLANG_WARN_OBJC_ROOT_CLASS = YES_ERROR;
				CLANG_WARN_UNREACHABLE_CODE = YES;
				CLANG_WARN__DUPLICATE_METHOD_MATCH = YES;
				"CODE_SIGN_IDENTITY[sdk=iphoneos*]" = "iPhone Developer";
				COPY_PHASE_STRIP = NO;
				DEBUG_INFORMATION_FORMAT = "dwarf-with-dsym";
				ENABLE_NS_ASSERTIONS = NO;
				ENABLE_STRICT_OBJC_MSGSEND = YES;
				GCC_C_LANGUAGE_STANDARD = gnu99;
				GCC_NO_COMMON_BLOCKS = YES;
				GCC_WARN_64_TO_32_BIT_CONVERSION = YES;
				GCC_WARN_ABOUT_RETURN_TYPE = YES_ERROR;
				GCC_WARN_UNDECLARED_SELECTOR = YES;
				GCC_WARN_UNINITIALIZED_AUTOS = YES_AGGRESSIVE;
				GCC_WARN_UNUSED_FUNCTION = YES;
				GCC_WARN_UNUSED_VARIABLE = YES;
				IPHONEOS_DEPLOYMENT_TARGET = 9.2;
				MTL_ENABLE_DEBUG_INFO = NO;
				SDKROOT = iphoneos;
				VALIDATE_PRODUCT = YES;
			};
			name = Release;
		};
		293852F21C2A7FEC00AA9461 /* Debug */ = {
			isa = XCBuildConfiguration;
			buildSettings = {
				ASSETCATALOG_COMPILER_APPICON_NAME = AppIcon;
				INFOPLIST_FILE = FavLister/Info.plist;
				LD_RUNPATH_SEARCH_PATHS = "$(inherited) @executable_path/Frameworks";
				PRODUCT_BUNDLE_IDENTIFIER = com.ktanaka.FavLister;
				PRODUCT_NAME = "$(TARGET_NAME)";
			};
			name = Debug;
		};
		293852F31C2A7FEC00AA9461 /* Release */ = {
			isa = XCBuildConfiguration;
			buildSettings = {
				ASSETCATALOG_COMPILER_APPICON_NAME = AppIcon;
				INFOPLIST_FILE = FavLister/Info.plist;
				LD_RUNPATH_SEARCH_PATHS = "$(inherited) @executable_path/Frameworks";
				PRODUCT_BUNDLE_IDENTIFIER = com.ktanaka.FavLister;
				PRODUCT_NAME = "$(TARGET_NAME)";
			};
			name = Release;
		};
/* End XCBuildConfiguration section */

/* Begin XCConfigurationList section */
		293852DA1C2A7FEC00AA9461 /* Build configuration list for PBXProject "FavLister" */ = {
			isa = XCConfigurationList;
			buildConfigurations = (
				293852EF1C2A7FEC00AA9461 /* Debug */,
				293852F01C2A7FEC00AA9461 /* Release */,
			);
			defaultConfigurationIsVisible = 0;
			defaultConfigurationName = Release;
		};
		293852F11C2A7FEC00AA9461 /* Build configuration list for PBXNativeTarget "FavLister" */ = {
			isa = XCConfigurationList;
			buildConfigurations = (
				293852F21C2A7FEC00AA9461 /* Debug */,
				293852F31C2A7FEC00AA9461 /* Release */,
			);
			defaultConfigurationIsVisible = 0;
			defaultConfigurationName = Release;
		};
/* End XCConfigurationList section */
	};
	rootObject = 293852D71C2A7FEC00AA9461 /* Project object */;
}
